
Microsoft Visual Studio Solution File, Format Version 12.00
# Visual Studio Version 17
VisualStudioVersion = 17.10.35013.160
MinimumVisualStudioVersion = 10.0.40219.1
Project("{FAE04EC0-301F-11D3-BF4B-00C04F79EFBC}") = "BLL", "BLL\BLL.csproj", "{C5428BAB-E108-4FCF-A099-43E6F82BA8EE}"
EndProject
Global
	GlobalSection(SolutionConfigurationPlatforms) = preSolution
		Debug|Any CPU = Debug|Any CPU
		Release|Any CPU = Release|Any CPU
	EndGlobalSection
	GlobalSection(ProjectConfigurationPlatforms) = postSolution
		{C5428BAB-E108-4FCF-A099-43E6F82BA8EE}.Debug|Any CPU.ActiveCfg = Debug|Any CPU
		{C5428BAB-E108-4FCF-A099-43E6F82BA8EE}.Debug|Any CPU.Build.0 = Debug|Any CPU
		{C5428BAB-E108-4FCF-A099-43E6F82BA8EE}.Release|Any CPU.ActiveCfg = Release|Any CPU
		{C5428BAB-E108-4FCF-A099-43E6F82BA8EE}.Release|Any CPU.Build.0 = Release|Any CPU
	EndGlobalSection
	GlobalSection(SolutionProperties) = preSolution
		HideSolutionNode = FALSE
	EndGlobalSection
	GlobalSection(ExtensibilityGlobals) = postSolution
		SolutionGuid = {AA2B6D3F-7139-410B-9602-7326E17B740E}
	EndGlobalSection
EndGlobal
